
Microsoft Visual Studio Solution File, Format Version 12.00
# Visual Studio Version 17
VisualStudioVersion = 17.2.32526.322
MinimumVisualStudioVersion = 10.0.40219.1
Project("{FAE04EC0-301F-11D3-BF4B-00C04F79EFBC}") = "epg123", "epg123\epg123.csproj", "{8885750E-6175-4115-8CE0-50FBCE5EF888}"
EndProject
Project("{2150E333-8FDC-42A3-9474-1A3956D46DE8}") = "epg123Setup", "epg123Setup", "{0A5FE728-6918-42D8-B8AD-FCC6BC88DC5F}"
	ProjectSection(SolutionItems) = preProject
		epg123Setup\BuildRelease.bat = epg123Setup\BuildRelease.bat
		epg123Setup\epg123InnoSetupScript.iss = epg123Setup\epg123InnoSetupScript.iss
	EndProjectSection
EndProject
Project("{FAE04EC0-301F-11D3-BF4B-00C04F79EFBC}") = "epg123Client", "epg123Client\epg123Client.csproj", "{12FE1EA6-F6D3-4B06-8707-D3C06663FBAC}"
EndProject
Project("{FAE04EC0-301F-11D3-BF4B-00C04F79EFBC}") = "epg123Transfer", "epg123Transfer\epg123Transfer.csproj", "{E9000EE1-C0D6-4532-9A0C-D70A20B0F16A}"
EndProject
Project("{FAE04EC0-301F-11D3-BF4B-00C04F79EFBC}") = "hdhr2mxf", "hdhr2mxf\hdhr2mxf.csproj", "{619C0F4F-9335-402F-8CE1-24D64917F74A}"
EndProject
Project("{FAE04EC0-301F-11D3-BF4B-00C04F79EFBC}") = "epgTray", "epgTray\epgTray.csproj", "{E64F38BD-CFD5-436E-AB2D-986830DE03F2}"
EndProject
Project("{FAE04EC0-301F-11D3-BF4B-00C04F79EFBC}") = "epg123Server", "tokenServer\epg123Server.csproj", "{F0C26296-5147-4F6B-8D7E-92E03B23B773}"
EndProject
Project("{FAE04EC0-301F-11D3-BF4B-00C04F79EFBC}") = "logViewer", "logViewer\logViewer.csproj", "{054F4FF2-74F7-4257-B20B-E858ABD06F58}"
EndProject
Global
	GlobalSection(SolutionConfigurationPlatforms) = preSolution
		Debug|Any CPU = Debug|Any CPU
		Debug|x86 = Debug|x86
		Release|Any CPU = Release|Any CPU
		Release|x86 = Release|x86
	EndGlobalSection
	GlobalSection(ProjectConfigurationPlatforms) = postSolution
		{8885750E-6175-4115-8CE0-50FBCE5EF888}.Debug|Any CPU.ActiveCfg = Debug|Any CPU
		{8885750E-6175-4115-8CE0-50FBCE5EF888}.Debug|Any CPU.Build.0 = Debug|Any CPU
		{8885750E-6175-4115-8CE0-50FBCE5EF888}.Debug|x86.ActiveCfg = Debug|Any CPU
		{8885750E-6175-4115-8CE0-50FBCE5EF888}.Debug|x86.Build.0 = Debug|Any CPU
		{8885750E-6175-4115-8CE0-50FBCE5EF888}.Release|Any CPU.ActiveCfg = Release|Any CPU
		{8885750E-6175-4115-8CE0-50FBCE5EF888}.Release|Any CPU.Build.0 = Release|Any CPU
		{8885750E-6175-4115-8CE0-50FBCE5EF888}.Release|x86.ActiveCfg = Release|Any CPU
		{8885750E-6175-4115-8CE0-50FBCE5EF888}.Release|x86.Build.0 = Release|Any CPU
		{12FE1EA6-F6D3-4B06-8707-D3C06663FBAC}.Debug|Any CPU.ActiveCfg = Debug|Any CPU
		{12FE1EA6-F6D3-4B06-8707-D3C06663FBAC}.Debug|Any CPU.Build.0 = Debug|Any CPU
		{12FE1EA6-F6D3-4B06-8707-D3C06663FBAC}.Debug|x86.ActiveCfg = Debug|Any CPU
		{12FE1EA6-F6D3-4B06-8707-D3C06663FBAC}.Release|Any CPU.ActiveCfg = Release|Any CPU
		{12FE1EA6-F6D3-4B06-8707-D3C06663FBAC}.Release|Any CPU.Build.0 = Release|Any CPU
		{12FE1EA6-F6D3-4B06-8707-D3C06663FBAC}.Release|x86.ActiveCfg = Release|Any CPU
		{12FE1EA6-F6D3-4B06-8707-D3C06663FBAC}.Release|x86.Build.0 = Release|Any CPU
		{E9000EE1-C0D6-4532-9A0C-D70A20B0F16A}.Debug|Any CPU.ActiveCfg = Debug|Any CPU
		{E9000EE1-C0D6-4532-9A0C-D70A20B0F16A}.Debug|Any CPU.Build.0 = Debug|Any CPU
		{E9000EE1-C0D6-4532-9A0C-D70A20B0F16A}.Debug|x86.ActiveCfg = Debug|Any CPU
		{E9000EE1-C0D6-4532-9A0C-D70A20B0F16A}.Release|Any CPU.ActiveCfg = Release|Any CPU
		{E9000EE1-C0D6-4532-9A0C-D70A20B0F16A}.Release|Any CPU.Build.0 = Release|Any CPU
		{E9000EE1-C0D6-4532-9A0C-D70A20B0F16A}.Release|x86.ActiveCfg = Release|Any CPU
		{E9000EE1-C0D6-4532-9A0C-D70A20B0F16A}.Release|x86.Build.0 = Release|Any CPU
		{619C0F4F-9335-402F-8CE1-24D64917F74A}.Debug|Any CPU.ActiveCfg = Debug|Any CPU
		{619C0F4F-9335-402F-8CE1-24D64917F74A}.Debug|Any CPU.Build.0 = Debug|Any CPU
		{619C0F4F-9335-402F-8CE1-24D64917F74A}.Debug|x86.ActiveCfg = Debug|Any CPU
		{619C0F4F-9335-402F-8CE1-24D64917F74A}.Debug|x86.Build.0 = Debug|Any CPU
		{619C0F4F-9335-402F-8CE1-24D64917F74A}.Release|Any CPU.ActiveCfg = Release|Any CPU
		{619C0F4F-9335-402F-8CE1-24D64917F74A}.Release|Any CPU.Build.0 = Release|Any CPU
		{619C0F4F-9335-402F-8CE1-24D64917F74A}.Release|x86.ActiveCfg = Release|Any CPU
		{619C0F4F-9335-402F-8CE1-24D64917F74A}.Release|x86.Build.0 = Release|Any CPU
		{E64F38BD-CFD5-436E-AB2D-986830DE03F2}.Debug|Any CPU.ActiveCfg = Debug|Any CPU
		{E64F38BD-CFD5-436E-AB2D-986830DE03F2}.Debug|Any CPU.Build.0 = Debug|Any CPU
		{E64F38BD-CFD5-436E-AB2D-986830DE03F2}.Debug|x86.ActiveCfg = Debug|Any CPU
		{E64F38BD-CFD5-436E-AB2D-986830DE03F2}.Debug|x86.Build.0 = Debug|Any CPU
		{E64F38BD-CFD5-436E-AB2D-986830DE03F2}.Release|Any CPU.ActiveCfg = Release|Any CPU
		{E64F38BD-CFD5-436E-AB2D-986830DE03F2}.Release|Any CPU.Build.0 = Release|Any CPU
		{E64F38BD-CFD5-436E-AB2D-986830DE03F2}.Release|x86.ActiveCfg = Release|Any CPU
		{E64F38BD-CFD5-436E-AB2D-986830DE03F2}.Release|x86.Build.0 = Release|Any CPU
		{F0C26296-5147-4F6B-8D7E-92E03B23B773}.Debug|Any CPU.ActiveCfg = Debug|Any CPU
		{F0C26296-5147-4F6B-8D7E-92E03B23B773}.Debug|Any CPU.Build.0 = Debug|Any CPU
		{F0C26296-5147-4F6B-8D7E-92E03B23B773}.Debug|x86.ActiveCfg = Debug|Any CPU
		{F0C26296-5147-4F6B-8D7E-92E03B23B773}.Debug|x86.Build.0 = Debug|Any CPU
		{F0C26296-5147-4F6B-8D7E-92E03B23B773}.Release|Any CPU.ActiveCfg = Release|Any CPU
		{F0C26296-5147-4F6B-8D7E-92E03B23B773}.Release|Any CPU.Build.0 = Release|Any CPU
		{F0C26296-5147-4F6B-8D7E-92E03B23B773}.Release|x86.ActiveCfg = Release|Any CPU
		{F0C26296-5147-4F6B-8D7E-92E03B23B773}.Release|x86.Build.0 = Release|Any CPU
		{054F4FF2-74F7-4257-B20B-E858ABD06F58}.Debug|Any CPU.ActiveCfg = Debug|Any CPU
		{054F4FF2-74F7-4257-B20B-E858ABD06F58}.Debug|Any CPU.Build.0 = Debug|Any CPU
		{054F4FF2-74F7-4257-B20B-E858ABD06F58}.Debug|x86.ActiveCfg = Debug|Any CPU
		{054F4FF2-74F7-4257-B20B-E858ABD06F58}.Debug|x86.Build.0 = Debug|Any CPU
		{054F4FF2-74F7-4257-B20B-E858ABD06F58}.Release|Any CPU.ActiveCfg = Release|Any CPU
		{054F4FF2-74F7-4257-B20B-E858ABD06F58}.Release|Any CPU.Build.0 = Release|Any CPU
		{054F4FF2-74F7-4257-B20B-E858ABD06F58}.Release|x86.ActiveCfg = Release|Any CPU
		{054F4FF2-74F7-4257-B20B-E858ABD06F58}.Release|x86.Build.0 = Release|Any CPU
	EndGlobalSection
	GlobalSection(SolutionProperties) = preSolution
		HideSolutionNode = FALSE
	EndGlobalSection
	GlobalSection(ExtensibilityGlobals) = postSolution
		SolutionGuid = {403DC866-B9D8-4F4D-80D7-BD65B40EFC22}
	EndGlobalSection
EndGlobal
